
Microsoft Visual Studio Solution File, Format Version 12.00
Project("{2150E333-8FDC-42A3-9474-1A3956D46DE8}") = "Solution Items", "Solution Items", "{8DEFCF5E-1A89-434D-ADB5-1A57DE9FC543}"
	ProjectSection(SolutionItems) = preProject
		docker-compose.yml = docker-compose.yml
	EndProjectSection
EndProject
Project("{FAE04EC0-301F-11D3-BF4B-00C04F79EFBC}") = "Car-Mender.API", "Car-Mender.API\Car-Mender.API.csproj", "{9F3025F2-307B-4B48-8564-8B2A7BBFFF97}"
EndProject
Project("{FAE04EC0-301F-11D3-BF4B-00C04F79EFBC}") = "Car-Mender.Domain", "Car-Mender.Domain\Car-Mender.Domain.csproj", "{77AD1F9B-A65E-4F39-8061-719F30598421}"
EndProject
Project("{FAE04EC0-301F-11D3-BF4B-00C04F79EFBC}") = "Car-Mender.Infrastructure", "Car-Mender.Infrastructure\Car-Mender.Infrastructure.csproj", "{24ACA19F-9688-4BF1-AF23-C7F5330AE439}"
EndProject
Global
	GlobalSection(SolutionConfigurationPlatforms) = preSolution
		Debug|Any CPU = Debug|Any CPU
		Release|Any CPU = Release|Any CPU
	EndGlobalSection
	GlobalSection(ProjectConfigurationPlatforms) = postSolution
		{9F3025F2-307B-4B48-8564-8B2A7BBFFF97}.Debug|Any CPU.ActiveCfg = Debug|Any CPU
		{9F3025F2-307B-4B48-8564-8B2A7BBFFF97}.Debug|Any CPU.Build.0 = Debug|Any CPU
		{9F3025F2-307B-4B48-8564-8B2A7BBFFF97}.Release|Any CPU.ActiveCfg = Release|Any CPU
		{9F3025F2-307B-4B48-8564-8B2A7BBFFF97}.Release|Any CPU.Build.0 = Release|Any CPU
		{77AD1F9B-A65E-4F39-8061-719F30598421}.Debug|Any CPU.ActiveCfg = Debug|Any CPU
		{77AD1F9B-A65E-4F39-8061-719F30598421}.Debug|Any CPU.Build.0 = Debug|Any CPU
		{77AD1F9B-A65E-4F39-8061-719F30598421}.Release|Any CPU.ActiveCfg = Release|Any CPU
		{77AD1F9B-A65E-4F39-8061-719F30598421}.Release|Any CPU.Build.0 = Release|Any CPU
		{24ACA19F-9688-4BF1-AF23-C7F5330AE439}.Debug|Any CPU.ActiveCfg = Debug|Any CPU
		{24ACA19F-9688-4BF1-AF23-C7F5330AE439}.Debug|Any CPU.Build.0 = Debug|Any CPU
		{24ACA19F-9688-4BF1-AF23-C7F5330AE439}.Release|Any CPU.ActiveCfg = Release|Any CPU
		{24ACA19F-9688-4BF1-AF23-C7F5330AE439}.Release|Any CPU.Build.0 = Release|Any CPU
	EndGlobalSection
EndGlobal
