
Microsoft Visual Studio Solution File, Format Version 12.00
Project("{2150E333-8FDC-42A3-9474-1A3956D46DE8}") = "Solution Items", "Solution Items", "{8DEFCF5E-1A89-434D-ADB5-1A57DE9FC543}"
	ProjectSection(SolutionItems) = preProject
		docker-compose.yml = docker-compose.yml
	EndProjectSection
EndProject
Project("{FAE04EC0-301F-11D3-BF4B-00C04F79EFBC}") = "Car-Mender.API", "Car-Mender.API\Car-Mender.API.csproj", "{9F3025F2-307B-4B48-8564-8B2A7BBFFF97}"
EndProject
Project("{FAE04EC0-301F-11D3-BF4B-00C04F79EFBC}") = "Car-Mender.Domain", "Car-Mender.Domain\Car-Mender.Domain.csproj", "{77AD1F9B-A65E-4F39-8061-719F30598421}"
EndProject
Project("{FAE04EC0-301F-11D3-BF4B-00C04F79EFBC}") = "Car-Mender.Infrastructure", "Car-Mender.Infrastructure\Car-Mender.Infrastructure.csproj", "{24ACA19F-9688-4BF1-AF23-C7F5330AE439}"
EndProject
Project("{2150E333-8FDC-42A3-9474-1A3956D46DE8}") = "tests", "tests", "{F4F6F610-211F-46E1-8105-077F52C48128}"
EndProject
Project("{FAE04EC0-301F-11D3-BF4B-00C04F79EFBC}") = "Car-Mender.Infrastructure.Tests", "Car-Mender.Infrastructure.Tests\Car-Mender.Infrastructure.Tests.csproj", "{62795F02-FA13-40FE-9E9F-9C6768650A07}"
EndProject
Project("{FAE04EC0-301F-11D3-BF4B-00C04F79EFBC}") = "Car-Mender.API.Tests", "Car-Mender.API.Tests\Car-Mender.API.Tests.csproj", "{103B5EDC-E307-41A9-985B-2AF5CE9E572A}"
EndProject
Project("{FAE04EC0-301F-11D3-BF4B-00C04F79EFBC}") = "Car-Mender.API.IntegrationTests", "Car-Mender.API.IntegrationTests\Car-Mender.API.IntegrationTests.csproj", "{FEB5BEC5-9278-4ACA-BA05-0A5C12B6D085}"
EndProject
Project("{FAE04EC0-301F-11D3-BF4B-00C04F79EFBC}") = "Car-Mender.Domain.TestTools", "Car-Mender.Domain.TestTools\Car-Mender.Domain.TestTools.csproj", "{DB17CA68-5152-4A7A-B79B-2325738FF2CA}"
EndProject
Global
	GlobalSection(SolutionConfigurationPlatforms) = preSolution
		Debug|Any CPU = Debug|Any CPU
		Release|Any CPU = Release|Any CPU
	EndGlobalSection
	GlobalSection(ProjectConfigurationPlatforms) = postSolution
		{9F3025F2-307B-4B48-8564-8B2A7BBFFF97}.Debug|Any CPU.ActiveCfg = Debug|Any CPU
		{9F3025F2-307B-4B48-8564-8B2A7BBFFF97}.Debug|Any CPU.Build.0 = Debug|Any CPU
		{9F3025F2-307B-4B48-8564-8B2A7BBFFF97}.Release|Any CPU.ActiveCfg = Release|Any CPU
		{9F3025F2-307B-4B48-8564-8B2A7BBFFF97}.Release|Any CPU.Build.0 = Release|Any CPU
		{77AD1F9B-A65E-4F39-8061-719F30598421}.Debug|Any CPU.ActiveCfg = Debug|Any CPU
		{77AD1F9B-A65E-4F39-8061-719F30598421}.Debug|Any CPU.Build.0 = Debug|Any CPU
		{77AD1F9B-A65E-4F39-8061-719F30598421}.Release|Any CPU.ActiveCfg = Release|Any CPU
		{77AD1F9B-A65E-4F39-8061-719F30598421}.Release|Any CPU.Build.0 = Release|Any CPU
		{24ACA19F-9688-4BF1-AF23-C7F5330AE439}.Debug|Any CPU.ActiveCfg = Debug|Any CPU
		{24ACA19F-9688-4BF1-AF23-C7F5330AE439}.Debug|Any CPU.Build.0 = Debug|Any CPU
		{24ACA19F-9688-4BF1-AF23-C7F5330AE439}.Release|Any CPU.ActiveCfg = Release|Any CPU
		{24ACA19F-9688-4BF1-AF23-C7F5330AE439}.Release|Any CPU.Build.0 = Release|Any CPU
		{62795F02-FA13-40FE-9E9F-9C6768650A07}.Debug|Any CPU.ActiveCfg = Debug|Any CPU
		{62795F02-FA13-40FE-9E9F-9C6768650A07}.Debug|Any CPU.Build.0 = Debug|Any CPU
		{62795F02-FA13-40FE-9E9F-9C6768650A07}.Release|Any CPU.ActiveCfg = Release|Any CPU
		{62795F02-FA13-40FE-9E9F-9C6768650A07}.Release|Any CPU.Build.0 = Release|Any CPU
		{103B5EDC-E307-41A9-985B-2AF5CE9E572A}.Debug|Any CPU.ActiveCfg = Debug|Any CPU
		{103B5EDC-E307-41A9-985B-2AF5CE9E572A}.Debug|Any CPU.Build.0 = Debug|Any CPU
		{103B5EDC-E307-41A9-985B-2AF5CE9E572A}.Release|Any CPU.ActiveCfg = Release|Any CPU
		{103B5EDC-E307-41A9-985B-2AF5CE9E572A}.Release|Any CPU.Build.0 = Release|Any CPU
		{FEB5BEC5-9278-4ACA-BA05-0A5C12B6D085}.Debug|Any CPU.ActiveCfg = Debug|Any CPU
		{FEB5BEC5-9278-4ACA-BA05-0A5C12B6D085}.Debug|Any CPU.Build.0 = Debug|Any CPU
		{FEB5BEC5-9278-4ACA-BA05-0A5C12B6D085}.Release|Any CPU.ActiveCfg = Release|Any CPU
		{FEB5BEC5-9278-4ACA-BA05-0A5C12B6D085}.Release|Any CPU.Build.0 = Release|Any CPU
		{DB17CA68-5152-4A7A-B79B-2325738FF2CA}.Debug|Any CPU.ActiveCfg = Debug|Any CPU
		{DB17CA68-5152-4A7A-B79B-2325738FF2CA}.Debug|Any CPU.Build.0 = Debug|Any CPU
		{DB17CA68-5152-4A7A-B79B-2325738FF2CA}.Release|Any CPU.ActiveCfg = Release|Any CPU
		{DB17CA68-5152-4A7A-B79B-2325738FF2CA}.Release|Any CPU.Build.0 = Release|Any CPU
	EndGlobalSection
	GlobalSection(NestedProjects) = preSolution
		{62795F02-FA13-40FE-9E9F-9C6768650A07} = {F4F6F610-211F-46E1-8105-077F52C48128}
		{103B5EDC-E307-41A9-985B-2AF5CE9E572A} = {F4F6F610-211F-46E1-8105-077F52C48128}
		{FEB5BEC5-9278-4ACA-BA05-0A5C12B6D085} = {F4F6F610-211F-46E1-8105-077F52C48128}
		{DB17CA68-5152-4A7A-B79B-2325738FF2CA} = {F4F6F610-211F-46E1-8105-077F52C48128}
	EndGlobalSection
EndGlobal
